
Microsoft Visual Studio Solution File, Format Version 12.00
Project("{FAE04EC0-301F-11D3-BF4B-00C04F79EFBC}") = "InternetSearch", "InternetSearch\InternetSearch.csproj", "{F6C87E09-8E02-462C-A49A-D485DF095CCC}"
EndProject
Global
	GlobalSection(SolutionConfigurationPlatforms) = preSolution
		Debug|Any CPU = Debug|Any CPU
		Release|Any CPU = Release|Any CPU
	EndGlobalSection
	GlobalSection(ProjectConfigurationPlatforms) = postSolution
		{F6C87E09-8E02-462C-A49A-D485DF095CCC}.Debug|Any CPU.ActiveCfg = Debug|Any CPU
		{F6C87E09-8E02-462C-A49A-D485DF095CCC}.Debug|Any CPU.Build.0 = Debug|Any CPU
		{F6C87E09-8E02-462C-A49A-D485DF095CCC}.Release|Any CPU.ActiveCfg = Release|Any CPU
		{F6C87E09-8E02-462C-A49A-D485DF095CCC}.Release|Any CPU.Build.0 = Release|Any CPU
	EndGlobalSection
EndGlobal
